<?xml version="1.0" encoding="utf-8"?>
<Project ToolsVersion="4.0" xmlns="http://schemas.microsoft.com/developer/msbuild/2003">
  <ItemGroup>
    <Filter Include="リソース ファイル">
      <UniqueIdentifier>{67DA6AB6-F800-4c08-8B7A-83BB121AAD01}</UniqueIdentifier>
      <Extensions>rc;ico;cur;bmp;dlg;rc2;rct;bin;rgs;gif;jpg;jpeg;jpe;resx;tiff;tif;png;wav;mfcribbon-ms</Extensions>
    </Filter>
    <Filter Include="Source">
      <UniqueIdentifier>{e87594e2-c3c4-45a2-9586-f977960dc5fa}</UniqueIdentifier>
    </Filter>
    <Filter Include="Source\System">
      <UniqueIdentifier>{6f82ea33-31a5-497c-93c9-17af56581446}</UniqueIdentifier>
    </Filter>
    <Filter Include="Source\System\Main">
      <UniqueIdentifier>{4796dc1f-5676-488d-b9f0-006c3fcfdd65}</UniqueIdentifier>
    </Filter>
    <Filter Include="Source\System\Engine">
      <UniqueIdentifier>{20ea6c7d-709a-482b-822e-54cb47b36fc7}</UniqueIdentifier>
    </Filter>
    <Filter Include="Source\Scene">
      <UniqueIdentifier>{548342ad-b79c-4d17-821d-863c749645f4}</UniqueIdentifier>
    </Filter>
    <Filter Include="Source\Scene\Scene">
      <UniqueIdentifier>{25a379b4-efca-4973-96e6-193e016fa44b}</UniqueIdentifier>
    </Filter>
    <Filter Include="Source\System\Engine\Core">
      <UniqueIdentifier>{9409088e-2705-4e34-8f4e-f813089b84e0}</UniqueIdentifier>
    </Filter>
    <Filter Include="Source\System\Engine\Core\Texture2D">
      <UniqueIdentifier>{6f838cad-3e31-4c99-a8da-5b59e6ba6ece}</UniqueIdentifier>
    </Filter>
    <Filter Include="Source\System\Engine\Core\PipelineState">
      <UniqueIdentifier>{babe43d5-8dea-4781-bebf-23fe518bac65}</UniqueIdentifier>
    </Filter>
    <Filter Include="Source\System\Engine\Core\RootSignature">
      <UniqueIdentifier>{873221dd-94a2-43cc-ad21-ababc24a55b8}</UniqueIdentifier>
    </Filter>
    <Filter Include="Source\System\Engine\Model">
      <UniqueIdentifier>{6367e740-71c3-4ec9-9a09-f4e7c493866b}</UniqueIdentifier>
    </Filter>
    <Filter Include="Source\System\Engine\Input">
      <UniqueIdentifier>{7a1041b1-c7b6-45fa-b54f-1b428f48bee7}</UniqueIdentifier>
    </Filter>
    <Filter Include="Source\System\Camera">
      <UniqueIdentifier>{3e35cd8c-a153-425f-a3b1-73a3a136d8df}</UniqueIdentifier>
    </Filter>
    <Filter Include="Source\System\Engine\Core\DescriptorHeap">
      <UniqueIdentifier>{a4392a85-ce02-403d-a361-a4ab6bad89c2}</UniqueIdentifier>
    </Filter>
    <Filter Include="Source\System\Engine\Model\Animation">
      <UniqueIdentifier>{1cbf07db-94de-4ba8-a466-3797647a87be}</UniqueIdentifier>
    </Filter>
    <Filter Include="Source\System\Engine\Core\BinaryFile">
      <UniqueIdentifier>{4e24bbaa-d610-4e70-b1ff-d387cff042aa}</UniqueIdentifier>
    </Filter>
    <Filter Include="Source\System\Engine\Model\Bone">
      <UniqueIdentifier>{ba25fdd3-6979-431a-9f6b-af55528a29a3}</UniqueIdentifier>
    </Filter>
    <Filter Include="Source\System\Engine\SoundSystem">
      <UniqueIdentifier>{c487e3fa-6274-4113-8563-c7f9c47f91db}</UniqueIdentifier>
    </Filter>
    <Filter Include="Source\System\Engine\Lights">
      <UniqueIdentifier>{e39f0946-1bdf-4ca3-8bff-0ce93478eabb}</UniqueIdentifier>
    </Filter>
    <Filter Include="Source\System\Engine\Model\Convert">
      <UniqueIdentifier>{61239708-62d8-4562-9b59-3f32d0c34494}</UniqueIdentifier>
    </Filter>
    <Filter Include="Source\System\Engine\Core\Raytracing">
      <UniqueIdentifier>{cf3a27c6-c49e-4686-8453-a053400af060}</UniqueIdentifier>
    </Filter>
    <Filter Include="リソース ファイル\Raytracing">
      <UniqueIdentifier>{d88eb98e-6668-47bc-b28d-c7918d2cfa17}</UniqueIdentifier>
    </Filter>
    <Filter Include="Source\System\Engine\Core\Hash">
      <UniqueIdentifier>{d459cdf5-27dd-4b7a-bab1-f81238ee5ea4}</UniqueIdentifier>
    </Filter>
    <Filter Include="Source\System\Engine\Physics">
      <UniqueIdentifier>{d181dc77-72cd-48db-ac3b-9afd34df8f8b}</UniqueIdentifier>
    </Filter>
  </ItemGroup>
  <ItemGroup>
    <ClCompile Include="Source\System\Main\Main.cpp">
      <Filter>Source\System\Main</Filter>
    </ClCompile>
    <ClCompile Include="Source\System\Engine\Engine.cpp">
      <Filter>Source\System\Engine</Filter>
    </ClCompile>
    <ClCompile Include="Source\Scene\Scene\Scene.cpp">
      <Filter>Source\Scene\Scene</Filter>
    </ClCompile>
    <ClCompile Include="Source\System\Engine\Core\RootSignature\RootSignature.cpp">
      <Filter>Source\System\Engine\Core\RootSignature</Filter>
    </ClCompile>
    <ClCompile Include="Source\System\Engine\Core\PipelineState\PipelineState.cpp">
      <Filter>Source\System\Engine\Core\PipelineState</Filter>
    </ClCompile>
    <ClCompile Include="Source\System\Engine\Core\Texture2D\Texture2D.cpp">
      <Filter>Source\System\Engine\Core\Texture2D</Filter>
    </ClCompile>
    <ClCompile Include="Source\System\Engine\Model\Model.cpp">
      <Filter>Source\System\Engine\Model</Filter>
    </ClCompile>
    <ClCompile Include="Source\System\Engine\Input\Input.cpp">
      <Filter>Source\System\Engine\Input</Filter>
    </ClCompile>
    <ClCompile Include="Source\System\Engine\Camera\Camera.cpp">
      <Filter>Source\System\Camera</Filter>
    </ClCompile>
    <ClCompile Include="Source\System\Engine\Model\Animation\Animation.cpp">
      <Filter>Source\System\Engine\Model\Animation</Filter>
    </ClCompile>
    <ClCompile Include="Source\System\Engine\Core\BinaryFile\BinaryReader.cpp">
      <Filter>Source\System\Engine\Core\BinaryFile</Filter>
    </ClCompile>
    <ClCompile Include="Source\System\Engine\Model\Bone\Bone.cpp">
      <Filter>Source\System\Engine\Model\Bone</Filter>
    </ClCompile>
    <ClCompile Include="Source\System\Engine\Model\Character.cpp">
      <Filter>Source\System\Engine\Model</Filter>
    </ClCompile>
    <ClCompile Include="Source\System\Main\Utility.cpp">
      <Filter>Source\System\Main</Filter>
    </ClCompile>
    <ClCompile Include="Source\System\Engine\Model\Animation\AnimationManager.cpp">
      <Filter>Source\System\Engine\Model\Animation</Filter>
    </ClCompile>
    <ClCompile Include="Source\System\Engine\SoundSystem\SoundSystem.cpp">
      <Filter>Source\System\Engine\SoundSystem</Filter>
    </ClCompile>
    <ClCompile Include="Source\System\Engine\Core\DescriptorHeap\DescriptorHeap2.cpp">
      <Filter>Source\System\Engine\Core\DescriptorHeap</Filter>
    </ClCompile>
    <ClCompile Include="Source\System\Engine\Lights\DirectionalLight.cpp">
      <Filter>Source\System\Engine\Lights</Filter>
    </ClCompile>
    <ClCompile Include="Source\System\Engine\Model\ModelManager.cpp">
      <Filter>Source\System\Engine\Model</Filter>
    </ClCompile>
    <ClCompile Include="Source\System\Engine\Lights\LightTransform.cpp">
      <Filter>Source\System\Engine\Lights</Filter>
    </ClCompile>
    <ClCompile Include="Source\System\Engine\Lights\ZShadow.cpp">
      <Filter>Source\System\Engine\Lights</Filter>
    </ClCompile>
    <ClCompile Include="Source\System\Engine\Model\Convert\ConvertFromFBX.cpp">
      <Filter>Source\System\Engine\Model\Convert</Filter>
    </ClCompile>
    <ClCompile Include="Source\System\Engine\Core\BinaryFile\BinaryWriter.cpp">
      <Filter>Source\System\Engine\Core\BinaryFile</Filter>
    </ClCompile>
    <ClCompile Include="Source\System\Engine\Core\Raytracing\RaytracingProcess.cpp">
      <Filter>Source\System\Engine\Core\Raytracing</Filter>
    </ClCompile>
    <ClCompile Include="Source\System\Engine\Core\BinaryFile\BinaryCompression.cpp">
      <Filter>Source\System\Engine\Core\BinaryFile</Filter>
    </ClCompile>
    <ClCompile Include="Source\System\Engine\Core\Hash\xxhash.cpp">
      <Filter>Source\System\Engine\Core\Hash</Filter>
    </ClCompile>
    <ClCompile Include="Source\System\Engine\Physics\PhysXManager.cpp">
      <Filter>Source\System\Engine\Physics</Filter>
    </ClCompile>
  </ItemGroup>
  <ItemGroup>
    <ClInclude Include="Source\System\Main\Main.h">
      <Filter>Source\System\Main</Filter>
    </ClInclude>
    <ClInclude Include="Source\System\ComPtr.h">
      <Filter>Source\System</Filter>
    </ClInclude>
    <ClInclude Include="Source\System\Engine\Engine.h">
      <Filter>Source\System\Engine</Filter>
    </ClInclude>
    <ClInclude Include="Source\Scene\Scene\Scene.h">
      <Filter>Source\Scene\Scene</Filter>
    </ClInclude>
    <ClInclude Include="Source\System\Engine\Core\RootSignature\RootSignature.h">
      <Filter>Source\System\Engine\Core\RootSignature</Filter>
    </ClInclude>
    <ClInclude Include="Source\System\Engine\Core\PipelineState\PipelineState.h">
      <Filter>Source\System\Engine\Core\PipelineState</Filter>
    </ClInclude>
    <ClInclude Include="Source\System\Engine\Core\Texture2D\Texture2D.h">
      <Filter>Source\System\Engine\Core\Texture2D</Filter>
    </ClInclude>
    <ClInclude Include="Source\System\Engine\Model\Model.h">
      <Filter>Source\System\Engine\Model</Filter>
    </ClInclude>
    <ClInclude Include="Source\System\Engine\Input\Input.h">
      <Filter>Source\System\Engine\Input</Filter>
    </ClInclude>
    <ClInclude Include="Source\System\Engine\Camera\Camera.h">
      <Filter>Source\System\Camera</Filter>
    </ClInclude>
    <ClInclude Include="Source\System\Engine\Model\Animation\Animation.h">
      <Filter>Source\System\Engine\Model\Animation</Filter>
    </ClInclude>
    <ClInclude Include="Source\System\Engine\Core\BinaryFile\BinaryReader.h">
      <Filter>Source\System\Engine\Core\BinaryFile</Filter>
    </ClInclude>
    <ClInclude Include="Source\GameBase.h">
      <Filter>Source</Filter>
    </ClInclude>
    <ClInclude Include="Source\System\Engine\Model\Bone\Bone.h">
      <Filter>Source\System\Engine\Model\Bone</Filter>
    </ClInclude>
    <ClInclude Include="Source\System\Engine\Model\Character.h">
      <Filter>Source\System\Engine\Model</Filter>
    </ClInclude>
    <ClInclude Include="Source\System\Main\Utility.h">
      <Filter>Source\System\Main</Filter>
    </ClInclude>
    <ClInclude Include="Source\System\Engine\Model\Animation\AnimationManager.h">
      <Filter>Source\System\Engine\Model\Animation</Filter>
    </ClInclude>
    <ClInclude Include="Source\System\Engine\SoundSystem\SoundSystem.h">
      <Filter>Source\System\Engine\SoundSystem</Filter>
    </ClInclude>
    <ClInclude Include="Source\System\Engine\Core\DescriptorHeap\DescriptorHeap2.h">
      <Filter>Source\System\Engine\Core\DescriptorHeap</Filter>
    </ClInclude>
    <ClInclude Include="Source\System\Engine\Lights\DirectionalLight.h">
      <Filter>Source\System\Engine\Lights</Filter>
    </ClInclude>
    <ClInclude Include="Source\System\Engine\Model\ModelManager.h">
      <Filter>Source\System\Engine\Model</Filter>
    </ClInclude>
    <ClInclude Include="Source\System\Engine\Lights\LightTransform.h">
      <Filter>Source\System\Engine\Lights</Filter>
    </ClInclude>
    <ClInclude Include="Source\System\Engine\Lights\ZShadow.h">
      <Filter>Source\System\Engine\Lights</Filter>
    </ClInclude>
    <ClInclude Include="Source\System\Engine\Model\Convert\ConvertFromFBX.h">
      <Filter>Source\System\Engine\Model\Convert</Filter>
    </ClInclude>
    <ClInclude Include="Source\System\Engine\Core\BinaryFile\BinaryWriter.h">
      <Filter>Source\System\Engine\Core\BinaryFile</Filter>
    </ClInclude>
    <ClInclude Include="Source\System\Engine\Core\Raytracing\RaytracingProcess.h">
      <Filter>Source\System\Engine\Core\Raytracing</Filter>
    </ClInclude>
    <ClInclude Include="Source\System\Engine\Core\BinaryFile\BinaryCompression.h">
      <Filter>Source\System\Engine\Core\BinaryFile</Filter>
    </ClInclude>
    <ClInclude Include="Source\System\Engine\Core\Hash\xxhash.h">
      <Filter>Source\System\Engine\Core\Hash</Filter>
    </ClInclude>
    <ClInclude Include="Source\System\Engine\Physics\PhysXManager.h">
      <Filter>Source\System\Engine\Physics</Filter>
    </ClInclude>
    <ClInclude Include="Source\System\Engine\Core\XMFLOATHelper.h">
      <Filter>Source\System\Engine\Core</Filter>
    </ClInclude>
  </ItemGroup>
  <ItemGroup>
    <FxCompile Include="Source\System\Shader\TexturePS.hlsl">
      <Filter>リソース ファイル</Filter>
    </FxCompile>
    <FxCompile Include="Source\System\Shader\BoneVS.hlsl">
      <Filter>リソース ファイル</Filter>
    </FxCompile>
    <FxCompile Include="Source\System\Shader\PrimitiveVS.hlsl">
      <Filter>リソース ファイル</Filter>
    </FxCompile>
    <FxCompile Include="Source\System\Shader\PrimitivePS.hlsl">
      <Filter>リソース ファイル</Filter>
    </FxCompile>
    <FxCompile Include="Source\System\Shader\ShadowVS.hlsl">
      <Filter>リソース ファイル</Filter>
    </FxCompile>
    <FxCompile Include="Source\System\Shader\ShadowPS.hlsl">
      <Filter>リソース ファイル</Filter>
    </FxCompile>
    <FxCompile Include="Source\System\Shader\ToonPS.hlsl">
      <Filter>リソース ファイル</Filter>
    </FxCompile>
  </ItemGroup>
  <ItemGroup>
    <None Include="Source\System\Shader\RayTracingHelper.hlsli">
      <Filter>リソース ファイル\Raytracing</Filter>
    </None>
  </ItemGroup>
</Project>